
Microsoft Visual Studio Solution File, Format Version 12.00
# Visual Studio 15
VisualStudioVersion = 15.0.28307.1340
MinimumVisualStudioVersion = 10.0.40219.1
Project("{FAE04EC0-301F-11D3-BF4B-00C04F79EFBC}") = "FifteenGUI", "FifteenGUI\FifteenGUI.csproj", "{BB0B06B6-4BE9-40CD-8FFF-282A799BE0CE}"
EndProject
Project("{FAE04EC0-301F-11D3-BF4B-00C04F79EFBC}") = "ComponentLibrary", "ComponentLibrary\ComponentLibrary.csproj", "{792F85C4-1472-4A78-888A-32F608C5076C}"
EndProject
Project("{FAE04EC0-301F-11D3-BF4B-00C04F79EFBC}") = "GameLibrary", "GameLibrary\GameLibrary.csproj", "{4C4BD29C-67DE-4B11-B727-A8F01C69A66F}"
EndProject
Global
	GlobalSection(SolutionConfigurationPlatforms) = preSolution
		Debug|Any CPU = Debug|Any CPU
		Release|Any CPU = Release|Any CPU
	EndGlobalSection
	GlobalSection(ProjectConfigurationPlatforms) = postSolution
		{BB0B06B6-4BE9-40CD-8FFF-282A799BE0CE}.Debug|Any CPU.ActiveCfg = Debug|Any CPU
		{BB0B06B6-4BE9-40CD-8FFF-282A799BE0CE}.Debug|Any CPU.Build.0 = Debug|Any CPU
		{BB0B06B6-4BE9-40CD-8FFF-282A799BE0CE}.Release|Any CPU.ActiveCfg = Release|Any CPU
		{BB0B06B6-4BE9-40CD-8FFF-282A799BE0CE}.Release|Any CPU.Build.0 = Release|Any CPU
		{792F85C4-1472-4A78-888A-32F608C5076C}.Debug|Any CPU.ActiveCfg = Debug|Any CPU
		{792F85C4-1472-4A78-888A-32F608C5076C}.Debug|Any CPU.Build.0 = Debug|Any CPU
		{792F85C4-1472-4A78-888A-32F608C5076C}.Release|Any CPU.ActiveCfg = Release|Any CPU
		{792F85C4-1472-4A78-888A-32F608C5076C}.Release|Any CPU.Build.0 = Release|Any CPU
		{4C4BD29C-67DE-4B11-B727-A8F01C69A66F}.Debug|Any CPU.ActiveCfg = Debug|Any CPU
		{4C4BD29C-67DE-4B11-B727-A8F01C69A66F}.Debug|Any CPU.Build.0 = Debug|Any CPU
		{4C4BD29C-67DE-4B11-B727-A8F01C69A66F}.Release|Any CPU.ActiveCfg = Release|Any CPU
		{4C4BD29C-67DE-4B11-B727-A8F01C69A66F}.Release|Any CPU.Build.0 = Release|Any CPU
	EndGlobalSection
	GlobalSection(SolutionProperties) = preSolution
		HideSolutionNode = FALSE
	EndGlobalSection
	GlobalSection(ExtensibilityGlobals) = postSolution
		SolutionGuid = {6E28484E-695B-48B1-ACB0-107B492108FE}
	EndGlobalSection
EndGlobal
